{
    "_meta": {
        "hash": {
            "sha256": "82c7537a7f462fc48bb19d33cc14ca4c4e623386d49023858926588d129d0864"
        },
        "pipfile-spec": 6,
        "requires": {
            "python_version": "3.6"
        },
        "sources": [
            {
                "name": "pypi",
                "url": "https://pypi.org/simple",
                "verify_ssl": true
            }
        ]
    },
    "default": {
        "e1839a8": {
            "editable": true,
            "path": "."
        },
        "pillow": {
            "hashes": [
                "sha256:00def5b638994f888d1058e4d17c86dec8e1113c3741a0a8a659039aec59a83a",
                "sha256:026449b64e559226cdb8e6d8c931b5965d8fc90ec18ebbb0baa04c5b36503c72",
                "sha256:03dbb224ee196ef30ed2156d41b579143e1efeb422974719a5392fc035e4f574",
                "sha256:03eb0e04f929c102ae24bc436bf1c0c60a4e63b07ebd388e84d8b219df3e6acd",
                "sha256:1be66b9a89e367e7d20d6cae419794997921fe105090fafd86ef39e20a3baab2",
                "sha256:1e977a3ed998a599bda5021fb2c2889060617627d3ae228297a529a082a3cd5c",
                "sha256:22cf3406d135cfcc13ec6228ade774c8461e125c940e80455f500638429be273",
                "sha256:24adccf1e834f82718c7fc8e3ec1093738da95144b8b1e44c99d5fc7d3e9c554",
                "sha256:2a3e362c97a5e6a259ee9cd66553292a1f8928a5bdfa3622fdb1501570834612",
                "sha256:3832e26ecbc9d8a500821e3a1d3765bda99d04ae29ffbb2efba49f5f788dc934",
                "sha256:4fd1f0c2dc02aaec729d91c92cd85a2df0289d88e9f68d1e8faba750bb9c4786",
                "sha256:4fda62030f2c515b6e2e673c57caa55cb04026a81968f3128aae10fc28e5cc27",
                "sha256:5044d75a68b49ce36a813c82d8201384207112d5d81643937fc758c05302f05b",
                "sha256:522184556921512ec484cb93bd84e0bab915d0ac5a372d49571c241a7f73db62",
                "sha256:5914cff11f3e920626da48e564be6818831713a3087586302444b9c70e8552d9",
                "sha256:6661a7908d68c4a133e03dac8178287aa20a99f841ea90beeb98a233ae3fd710",
                "sha256:79258a8df3e309a54c7ef2ef4a59bb8e28f7e4a8992a3ad17c24b1889ced44f3",
                "sha256:7d74c20b8f1c3e99d3f781d3b8ff5abfefdd7363d61e23bdeba9992ff32cc4b4",
                "sha256:81918afeafc16ba5d9d0d4e9445905f21aac969a4ebb6f2bff4b9886da100f4b",
                "sha256:8194d913ca1f459377c8a4ed8f9b7ad750068b8e0e3f3f9c6963fcc87a84515f",
                "sha256:84d5d31200b11b3c76fab853b89ac898bf2d05c8b3da07c1fcc23feb06359d6e",
                "sha256:989981db57abffb52026b114c9a1f114c7142860a6d30a352d28f8cbf186500b",
                "sha256:a3d7511d3fad1618a82299aab71a5fceee5c015653a77ffea75ced9ef917e71a",
                "sha256:b3ef168d4d6fd4fa6685aef7c91400f59f7ab1c0da734541f7031699741fb23f",
                "sha256:c1c5792b6e74bbf2af0f8e892272c2a6c48efa895903211f11b8342e03129fea",
                "sha256:c5dcb5a56aebb8a8f2585042b2f5c496d7624f0bcfe248f0cc33ceb2fd8d39e7",
                "sha256:e2bed4a04e2ca1050bb5f00865cf2f83c0b92fd62454d9244f690fcd842e27a4",
                "sha256:e87a527c06319428007e8c30511e1f0ce035cb7f14bb4793b003ed532c3b9333",
                "sha256:f63e420180cbe22ff6e32558b612e75f50616fc111c5e095a4631946c782e109",
                "sha256:f8b3d413c5a8f84b12cd4c5df1d8e211777c9852c6be3ee9c094b626644d3eab"
            ],
            "markers": "python_version != '3.3.*' and python_version >= '2.7' and python_version != '3.2.*' and python_version != '3.1.*' and python_version != '3.0.*'",
            "version": "==5.2.0"
        },
        "pylabels": {
            "hashes": [
                "sha256:299b4f97b6266427cc5acdb99b4699a8b6f381242f2d73513b892fa8857a073f",
                "sha256:32cad77ff07bac765a2ba9379c81b26fd679693aa4b24a640e5e53b2f3fec7af"
            ],
            "index": "pypi",
            "version": "==1.2.1"
        },
        "reportlab": {
            "hashes": [
                "sha256:09fe0cfbf1ec98bae4c0a7076d102cff5efe064d080045164b0355cffd01afe2",
                "sha256:1e26e9816a5fe469ba933ef2370b91ce0494b609149a191b798cd71fe5273527",
                "sha256:269881cf626684acd48bd1bcace5fbe557be0059fdf9f120fba216a37bdee0ec",
                "sha256:3836a49e7ea7bce458f437cbc094633c7fd4ac027180565875c18ecc726f261e",
                "sha256:42ae1192f21006e26abe45ad6875bbaa2208f5d57f00d111f7b05b2f3f1dcb4e",
                "sha256:480452d3167ca65bde42bee971df14426697e4fc98ffeb3e039750d671f0a460",
                "sha256:527562fefddf810e7d01a4b47480cf68a8a2f591d24afd272e553360340e37a9",
                "sha256:533682d787b6f9cfaadebf6220d8a2f1b374ec7997e387fe11ec5e405726c791",
                "sha256:534bd357fb838f1dc12b3934b33a3754d586374e6615835218fa8e39db3c1b1e",
                "sha256:5351fbb0aecb5512657a993b8d8841a6213e9d206ad8021132bf16f7e82dc46a",
                "sha256:5361ace638a3102da5013907b7484cfb279d42dc79146fcf9711013507e98c82",
                "sha256:54ff1d3ed97b2a2771b392fb0bff2f73f7bf0b8b218d65b02ee1635a095d9891",
                "sha256:609f8f03aa5a89beb0d159218517c2d0f7c356fb1389e318acc7ab91af0cb0e5",
                "sha256:7121957a19af4679f8af970aa40c602665bda9a3c357398151f6f72900e831be",
                "sha256:755b2870ef53d907e824b1dae10d508d1dd869a73ebf80c35668cad402d67a73",
                "sha256:7a7fa0da8ef0742c2eed204e51fdc2d0f52fdb41df8e71b6855db0d4211d324d",
                "sha256:7e920402d932fba7e2eab751f8f396d6b0f55681ddc9314b97cffbc372d58f2d",
                "sha256:8cd2d2ecdeb72e8b0c294646dfe2b0135bede1b5b5864cd75c81b4f251d4f988",
                "sha256:946b3ab31b9fc02b9efea18e30b8e505e95e710648f5be997deff5eaa9bbc6fe",
                "sha256:9ab55dd38fef7a9e05bf0769b87b149d11d13746442162d6ae3fc20805728963",
                "sha256:a23c2af92b2a3a705be63da10ddeed0fb14d43fc4a6bdc777507b713163d55f4",
                "sha256:a45add774813b86d9e8ceb50bcd44f40b1811bf124e09bb62fe496b49031b25b",
                "sha256:a79dcda6c6a5bdaa2df94e3b544cb47503d6ca18104fc71bbceb0502e11af919",
                "sha256:b47c3994468278396ccb29a50af761eb494e9f7fab944dbf6c9b42c7fc55b62e",
                "sha256:c41326a6ec0c4196f0dceb8a312e94ae91816c7cba2d2015e6b6bad215b1ac48",
                "sha256:d5abccbf56d11b6cb289751eba0a31b1e9fed0c41f5e23f378ce7d21628d5fe6",
                "sha256:d63703281727ff2f5a997f4fbb8a57cf67208df4d9b2c78b7440c95e64ee5ed0",
                "sha256:f7240cece062e76b58e84a60b04701a010a7552a93a5ef7d85d4cb103deb216e"
            ],
            "index": "pypi",
            "version": "==3.5.6"
        }
    },
    "develop": {}
}
